
Microsoft Visual Studio Solution File, Format Version 12.00
# Visual Studio Version 17
VisualStudioVersion = 17.5.33530.505
MinimumVisualStudioVersion = 10.0.40219.1
Project("{FAE04EC0-301F-11D3-BF4B-00C04F79EFBC}") = "ProductsApi", "ProductsApi\ProductsApi.csproj", "{6E38C0E6-B7F5-4F77-8E41-8AF33D4463C2}"
EndProject
Global
	GlobalSection(SolutionConfigurationPlatforms) = preSolution
		Debug|Any CPU = Debug|Any CPU
		Release|Any CPU = Release|Any CPU
	EndGlobalSection
	GlobalSection(ProjectConfigurationPlatforms) = postSolution
		{6E38C0E6-B7F5-4F77-8E41-8AF33D4463C2}.Debug|Any CPU.ActiveCfg = Debug|Any CPU
		{6E38C0E6-B7F5-4F77-8E41-8AF33D4463C2}.Debug|Any CPU.Build.0 = Debug|Any CPU
		{6E38C0E6-B7F5-4F77-8E41-8AF33D4463C2}.Release|Any CPU.ActiveCfg = Release|Any CPU
		{6E38C0E6-B7F5-4F77-8E41-8AF33D4463C2}.Release|Any CPU.Build.0 = Release|Any CPU
	EndGlobalSection
	GlobalSection(SolutionProperties) = preSolution
		HideSolutionNode = FALSE
	EndGlobalSection
	GlobalSection(ExtensibilityGlobals) = postSolution
		SolutionGuid = {E9005B1F-2E60-4FDC-9351-D0BDAC4B2760}
	EndGlobalSection
EndGlobal
